
Microsoft Visual Studio Solution File, Format Version 12.00
# Visual Studio Version 16
VisualStudioVersion = 16.0.30611.23
MinimumVisualStudioVersion = 10.0.40219.1
Project("{9A19103F-16F7-4668-BE54-9A1E7A4F7556}") = "gsm", "src\GSM\gsm.csproj", "{89C6C88A-AD73-4B1E-9797-792EDE2FE12C}"
EndProject
Project("{9A19103F-16F7-4668-BE54-9A1E7A4F7556}") = "gsm.IO.Abstractions", "src\GSM.IO.Abstractions\gsm.IO.Abstractions.csproj", "{F7ED48E5-C61D-4E4E-85BA-7F961B3D0DC2}"
EndProject
Project("{9A19103F-16F7-4668-BE54-9A1E7A4F7556}") = "gsm.IO", "src\gsm.IO\gsm.IO.csproj", "{CE3A6DC1-F2BA-407D-8DD0-C5640FDB3DBD}"
EndProject
Project("{9A19103F-16F7-4668-BE54-9A1E7A4F7556}") = "gsm.IoC.Events.Abstractions", "src\gsm.IoC.Abstractions\gsm.IoC.Events.Abstractions.csproj", "{E15211A6-E70F-4257-9C3E-D62884759651}"
EndProject
Project("{FAE04EC0-301F-11D3-BF4B-00C04F79EFBC}") = "gsm.IoC.Events", "src\gsm.IoC.Events\gsm.IoC.Events.csproj", "{43F83028-B377-44B4-B6DD-4C305A11AB1A}"
EndProject
Global
	GlobalSection(SolutionConfigurationPlatforms) = preSolution
		Debug|Any CPU = Debug|Any CPU
		Release|Any CPU = Release|Any CPU
	EndGlobalSection
	GlobalSection(ProjectConfigurationPlatforms) = postSolution
		{89C6C88A-AD73-4B1E-9797-792EDE2FE12C}.Debug|Any CPU.ActiveCfg = Debug|Any CPU
		{89C6C88A-AD73-4B1E-9797-792EDE2FE12C}.Debug|Any CPU.Build.0 = Debug|Any CPU
		{89C6C88A-AD73-4B1E-9797-792EDE2FE12C}.Release|Any CPU.ActiveCfg = Release|Any CPU
		{89C6C88A-AD73-4B1E-9797-792EDE2FE12C}.Release|Any CPU.Build.0 = Release|Any CPU
		{F7ED48E5-C61D-4E4E-85BA-7F961B3D0DC2}.Debug|Any CPU.ActiveCfg = Debug|Any CPU
		{F7ED48E5-C61D-4E4E-85BA-7F961B3D0DC2}.Debug|Any CPU.Build.0 = Debug|Any CPU
		{F7ED48E5-C61D-4E4E-85BA-7F961B3D0DC2}.Release|Any CPU.ActiveCfg = Release|Any CPU
		{F7ED48E5-C61D-4E4E-85BA-7F961B3D0DC2}.Release|Any CPU.Build.0 = Release|Any CPU
		{CE3A6DC1-F2BA-407D-8DD0-C5640FDB3DBD}.Debug|Any CPU.ActiveCfg = Debug|Any CPU
		{CE3A6DC1-F2BA-407D-8DD0-C5640FDB3DBD}.Debug|Any CPU.Build.0 = Debug|Any CPU
		{CE3A6DC1-F2BA-407D-8DD0-C5640FDB3DBD}.Release|Any CPU.ActiveCfg = Release|Any CPU
		{CE3A6DC1-F2BA-407D-8DD0-C5640FDB3DBD}.Release|Any CPU.Build.0 = Release|Any CPU
		{E15211A6-E70F-4257-9C3E-D62884759651}.Debug|Any CPU.ActiveCfg = Debug|Any CPU
		{E15211A6-E70F-4257-9C3E-D62884759651}.Debug|Any CPU.Build.0 = Debug|Any CPU
		{E15211A6-E70F-4257-9C3E-D62884759651}.Release|Any CPU.ActiveCfg = Release|Any CPU
		{E15211A6-E70F-4257-9C3E-D62884759651}.Release|Any CPU.Build.0 = Release|Any CPU
		{43F83028-B377-44B4-B6DD-4C305A11AB1A}.Debug|Any CPU.ActiveCfg = Debug|Any CPU
		{43F83028-B377-44B4-B6DD-4C305A11AB1A}.Debug|Any CPU.Build.0 = Debug|Any CPU
		{43F83028-B377-44B4-B6DD-4C305A11AB1A}.Release|Any CPU.ActiveCfg = Release|Any CPU
		{43F83028-B377-44B4-B6DD-4C305A11AB1A}.Release|Any CPU.Build.0 = Release|Any CPU
	EndGlobalSection
	GlobalSection(SolutionProperties) = preSolution
		HideSolutionNode = FALSE
	EndGlobalSection
	GlobalSection(ExtensibilityGlobals) = postSolution
		SolutionGuid = {691E08CE-9012-42EA-87D3-54A4EC460FC9}
	EndGlobalSection
EndGlobal
